// !$*UTF8*$!
{
	archiveVersion = 1;
	classes = {
	};
	objectVersion = 55;
	objects = {

/* Begin PBXBuildFile section */
		8B4D7EE3287F212200F0DC55 /* AppDelegate.swift in Sources */ = {isa = PBXBuildFile; fileRef = 8B4D7EE2287F212200F0DC55 /* AppDelegate.swift */; };
		8B4D7EE5287F212200F0DC55 /* SceneDelegate.swift in Sources */ = {isa = PBXBuildFile; fileRef = 8B4D7EE4287F212200F0DC55 /* SceneDelegate.swift */; };
		8B4D7EE7287F212200F0DC55 /* ViewController.swift in Sources */ = {isa = PBXBuildFile; fileRef = 8B4D7EE6287F212200F0DC55 /* ViewController.swift */; };
		8B4D7EEC287F212400F0DC55 /* Assets.xcassets in Resources */ = {isa = PBXBuildFile; fileRef = 8B4D7EEB287F212400F0DC55 /* Assets.xcassets */; };
		8B4D7EEF287F212400F0DC55 /* LaunchScreen.storyboard in Resources */ = {isa = PBXBuildFile; fileRef = 8B4D7EED287F212400F0DC55 /* LaunchScreen.storyboard */; };
		8B4D7EF8287F229B00F0DC55 /* SnapKit in Frameworks */ = {isa = PBXBuildFile; productRef = 8B4D7EF7287F229B00F0DC55 /* SnapKit */; };
		8B4D7EFB287F22CA00F0DC55 /* Kingfisher in Frameworks */ = {isa = PBXBuildFile; productRef = 8B4D7EFA287F22CA00F0DC55 /* Kingfisher */; };
		8B4D7EFE287F22E500F0DC55 /* Alamofire in Frameworks */ = {isa = PBXBuildFile; productRef = 8B4D7EFD287F22E500F0DC55 /* Alamofire */; };
		8B4D7F00287F238100F0DC55 /* Colors.swift in Sources */ = {isa = PBXBuildFile; fileRef = 8B4D7EFF287F238100F0DC55 /* Colors.swift */; };
		8B4D7F04287F257900F0DC55 /* Strings.swift in Sources */ = {isa = PBXBuildFile; fileRef = 8B4D7F03287F257900F0DC55 /* Strings.swift */; };
/* End PBXBuildFile section */

/* Begin PBXFileReference section */
		8B4D7EDF287F212200F0DC55 /* VKSirius.app */ = {isa = PBXFileReference; explicitFileType = wrapper.application; includeInIndex = 0; path = VKSirius.app; sourceTree = BUILT_PRODUCTS_DIR; };
		8B4D7EE2287F212200F0DC55 /* AppDelegate.swift */ = {isa = PBXFileReference; lastKnownFileType = sourcecode.swift; path = AppDelegate.swift; sourceTree = "<group>"; };
		8B4D7EE4287F212200F0DC55 /* SceneDelegate.swift */ = {isa = PBXFileReference; lastKnownFileType = sourcecode.swift; path = SceneDelegate.swift; sourceTree = "<group>"; };
		8B4D7EE6287F212200F0DC55 /* ViewController.swift */ = {isa = PBXFileReference; lastKnownFileType = sourcecode.swift; path = ViewController.swift; sourceTree = "<group>"; };
		8B4D7EEB287F212400F0DC55 /* Assets.xcassets */ = {isa = PBXFileReference; lastKnownFileType = folder.assetcatalog; path = Assets.xcassets; sourceTree = "<group>"; };
		8B4D7EEE287F212400F0DC55 /* Base */ = {isa = PBXFileReference; lastKnownFileType = file.storyboard; name = Base; path = Base.lproj/LaunchScreen.storyboard; sourceTree = "<group>"; };
		8B4D7EF0287F212400F0DC55 /* Info.plist */ = {isa = PBXFileReference; lastKnownFileType = text.plist.xml; path = Info.plist; sourceTree = "<group>"; };
		8B4D7EFF287F238100F0DC55 /* Colors.swift */ = {isa = PBXFileReference; lastKnownFileType = sourcecode.swift; path = Colors.swift; sourceTree = "<group>"; };
		8B4D7F03287F257900F0DC55 /* Strings.swift */ = {isa = PBXFileReference; lastKnownFileType = sourcecode.swift; path = Strings.swift; sourceTree = "<group>"; };
/* End PBXFileReference section */

/* Begin PBXFrameworksBuildPhase section */
		8B4D7EDC287F212200F0DC55 /* Frameworks */ = {
			isa = PBXFrameworksBuildPhase;
			buildActionMask = 2147483647;
			files = (
				8B4D7EFE287F22E500F0DC55 /* Alamofire in Frameworks */,
				8B4D7EFB287F22CA00F0DC55 /* Kingfisher in Frameworks */,
				8B4D7EF8287F229B00F0DC55 /* SnapKit in Frameworks */,
			);
			runOnlyForDeploymentPostprocessing = 0;
		};
/* End PBXFrameworksBuildPhase section */

/* Begin PBXGroup section */
		8B4D7ED6287F212200F0DC55 = {
			isa = PBXGroup;
			children = (
				8B4D7EE1287F212200F0DC55 /* VKSirius */,
				8B4D7EE0287F212200F0DC55 /* Products */,
			);
			sourceTree = "<group>";
		};
		8B4D7EE0287F212200F0DC55 /* Products */ = {
			isa = PBXGroup;
			children = (
				8B4D7EDF287F212200F0DC55 /* VKSirius.app */,
			);
			name = Products;
			sourceTree = "<group>";
		};
		8B4D7EE1287F212200F0DC55 /* VKSirius */ = {
			isa = PBXGroup;
			children = (
				8B4D7F02287F23DC00F0DC55 /* Helpers */,
				8B4D7F01287F23D400F0DC55 /* Scene */,
				8B4D7EE2287F212200F0DC55 /* AppDelegate.swift */,
				8B4D7EE4287F212200F0DC55 /* SceneDelegate.swift */,
				8B4D7EEB287F212400F0DC55 /* Assets.xcassets */,
				8B4D7EED287F212400F0DC55 /* LaunchScreen.storyboard */,
				8B4D7EF0287F212400F0DC55 /* Info.plist */,
			);
			path = VKSirius;
			sourceTree = "<group>";
		};
		8B4D7F01287F23D400F0DC55 /* Scene */ = {
			isa = PBXGroup;
			children = (
				8B4D7EE6287F212200F0DC55 /* ViewController.swift */,
			);
			path = Scene;
			sourceTree = "<group>";
		};
		8B4D7F02287F23DC00F0DC55 /* Helpers */ = {
			isa = PBXGroup;
			children = (
				8B4D7EFF287F238100F0DC55 /* Colors.swift */,
				8B4D7F03287F257900F0DC55 /* Strings.swift */,
			);
			path = Helpers;
			sourceTree = "<group>";
		};
/* End PBXGroup section */

/* Begin PBXNativeTarget section */
		8B4D7EDE287F212200F0DC55 /* VKSirius */ = {
			isa = PBXNativeTarget;
			buildConfigurationList = 8B4D7EF3287F212400F0DC55 /* Build configuration list for PBXNativeTarget "VKSirius" */;
			buildPhases = (
				8B4D7EDB287F212200F0DC55 /* Sources */,
				8B4D7EDC287F212200F0DC55 /* Frameworks */,
				8B4D7EDD287F212200F0DC55 /* Resources */,
			);
			buildRules = (
			);
			dependencies = (
			);
			name = VKSirius;
			packageProductDependencies = (
				8B4D7EF7287F229B00F0DC55 /* SnapKit */,
				8B4D7EFA287F22CA00F0DC55 /* Kingfisher */,
				8B4D7EFD287F22E500F0DC55 /* Alamofire */,
			);
			productName = VKSirius;
			productReference = 8B4D7EDF287F212200F0DC55 /* VKSirius.app */;
			productType = "com.apple.product-type.application";
		};
/* End PBXNativeTarget section */

/* Begin PBXProject section */
		8B4D7ED7287F212200F0DC55 /* Project object */ = {
			isa = PBXProject;
			attributes = {
				BuildIndependentTargetsInParallel = 1;
				LastSwiftUpdateCheck = 1340;
				LastUpgradeCheck = 1340;
				TargetAttributes = {
					8B4D7EDE287F212200F0DC55 = {
						CreatedOnToolsVersion = 13.4.1;
					};
				};
			};
			buildConfigurationList = 8B4D7EDA287F212200F0DC55 /* Build configuration list for PBXProject "VKSirius" */;
			compatibilityVersion = "Xcode 13.0";
			developmentRegion = en;
			hasScannedForEncodings = 0;
			knownRegions = (
				en,
				Base,
			);
			mainGroup = 8B4D7ED6287F212200F0DC55;
			packageReferences = (
				8B4D7EF6287F229B00F0DC55 /* XCRemoteSwiftPackageReference "SnapKit" */,
				8B4D7EF9287F22CA00F0DC55 /* XCRemoteSwiftPackageReference "Kingfisher" */,
				8B4D7EFC287F22E500F0DC55 /* XCRemoteSwiftPackageReference "Alamofire" */,
			);
			productRefGroup = 8B4D7EE0287F212200F0DC55 /* Products */;
			projectDirPath = "";
			projectRoot = "";
			targets = (
				8B4D7EDE287F212200F0DC55 /* VKSirius */,
			);
		};
/* End PBXProject section */

/* Begin PBXResourcesBuildPhase section */
		8B4D7EDD287F212200F0DC55 /* Resources */ = {
			isa = PBXResourcesBuildPhase;
			buildActionMask = 2147483647;
			files = (
				8B4D7EEF287F212400F0DC55 /* LaunchScreen.storyboard in Resources */,
				8B4D7EEC287F212400F0DC55 /* Assets.xcassets in Resources */,
			);
			runOnlyForDeploymentPostprocessing = 0;
		};
/* End PBXResourcesBuildPhase section */

/* Begin PBXSourcesBuildPhase section */
		8B4D7EDB287F212200F0DC55 /* Sources */ = {
			isa = PBXSourcesBuildPhase;
			buildActionMask = 2147483647;
			files = (
				8B4D7EE7287F212200F0DC55 /* ViewController.swift in Sources */,
				8B4D7F00287F238100F0DC55 /* Colors.swift in Sources */,
				8B4D7F04287F257900F0DC55 /* Strings.swift in Sources */,
				8B4D7EE3287F212200F0DC55 /* AppDelegate.swift in Sources */,
				8B4D7EE5287F212200F0DC55 /* SceneDelegate.swift in Sources */,
			);
			runOnlyForDeploymentPostprocessing = 0;
		};
/* End PBXSourcesBuildPhase section */

/* Begin PBXVariantGroup section */
		8B4D7EED287F212400F0DC55 /* LaunchScreen.storyboard */ = {
			isa = PBXVariantGroup;
			children = (
				8B4D7EEE287F212400F0DC55 /* Base */,
			);
			name = LaunchScreen.storyboard;
			sourceTree = "<group>";
		};
/* End PBXVariantGroup section */

/* Begin XCBuildConfiguration section */
		8B4D7EF1287F212400F0DC55 /* Debug */ = {
			isa = XCBuildConfiguration;
			buildSettings = {
				ALWAYS_SEARCH_USER_PATHS = NO;
				CLANG_ANALYZER_NONNULL = YES;
				CLANG_ANALYZER_NUMBER_OBJECT_CONVERSION = YES_AGGRESSIVE;
				CLANG_CXX_LANGUAGE_STANDARD = "gnu++17";
				CLANG_ENABLE_MODULES = YES;
				CLANG_ENABLE_OBJC_ARC = YES;
				CLANG_ENABLE_OBJC_WEAK = YES;
				CLANG_WARN_BLOCK_CAPTURE_AUTORELEASING = YES;
				CLANG_WARN_BOOL_CONVERSION = YES;
				CLANG_WARN_COMMA = YES;
				CLANG_WARN_CONSTANT_CONVERSION = YES;
				CLANG_WARN_DEPRECATED_OBJC_IMPLEMENTATIONS = YES;
				CLANG_WARN_DIRECT_OBJC_ISA_USAGE = YES_ERROR;
				CLANG_WARN_DOCUMENTATION_COMMENTS = YES;
				CLANG_WARN_EMPTY_BODY = YES;
				CLANG_WARN_ENUM_CONVERSION = YES;
				CLANG_WARN_INFINITE_RECURSION = YES;
				CLANG_WARN_INT_CONVERSION = YES;
				CLANG_WARN_NON_LITERAL_NULL_CONVERSION = YES;
				CLANG_WARN_OBJC_IMPLICIT_RETAIN_SELF = YES;
				CLANG_WARN_OBJC_LITERAL_CONVERSION = YES;
				CLANG_WARN_OBJC_ROOT_CLASS = YES_ERROR;
				CLANG_WARN_QUOTED_INCLUDE_IN_FRAMEWORK_HEADER = YES;
				CLANG_WARN_RANGE_LOOP_ANALYSIS = YES;
				CLANG_WARN_STRICT_PROTOTYPES = YES;
				CLANG_WARN_SUSPICIOUS_MOVE = YES;
				CLANG_WARN_UNGUARDED_AVAILABILITY = YES_AGGRESSIVE;
				CLANG_WARN_UNREACHABLE_CODE = YES;
				CLANG_WARN__DUPLICATE_METHOD_MATCH = YES;
				COPY_PHASE_STRIP = NO;
				DEBUG_INFORMATION_FORMAT = dwarf;
				ENABLE_STRICT_OBJC_MSGSEND = YES;
				ENABLE_TESTABILITY = YES;
				GCC_C_LANGUAGE_STANDARD = gnu11;
				GCC_DYNAMIC_NO_PIC = NO;
				GCC_NO_COMMON_BLOCKS = YES;
				GCC_OPTIMIZATION_LEVEL = 0;
				GCC_PREPROCESSOR_DEFINITIONS = (
					"DEBUG=1",
					"$(inherited)",
				);
				GCC_WARN_64_TO_32_BIT_CONVERSION = YES;
				GCC_WARN_ABOUT_RETURN_TYPE = YES_ERROR;
				GCC_WARN_UNDECLARED_SELECTOR = YES;
				GCC_WARN_UNINITIALIZED_AUTOS = YES_AGGRESSIVE;
				GCC_WARN_UNUSED_FUNCTION = YES;
				GCC_WARN_UNUSED_VARIABLE = YES;
				IPHONEOS_DEPLOYMENT_TARGET = 15.5;
				MTL_ENABLE_DEBUG_INFO = INCLUDE_SOURCE;
				MTL_FAST_MATH = YES;
				ONLY_ACTIVE_ARCH = YES;
				SDKROOT = iphoneos;
				SWIFT_ACTIVE_COMPILATION_CONDITIONS = DEBUG;
				SWIFT_OPTIMIZATION_LEVEL = "-Onone";
			};
			name = Debug;
		};
		8B4D7EF2287F212400F0DC55 /* Release */ = {
			isa = XCBuildConfiguration;
			buildSettings = {
				ALWAYS_SEARCH_USER_PATHS = NO;
				CLANG_ANALYZER_NONNULL = YES;
				CLANG_ANALYZER_NUMBER_OBJECT_CONVERSION = YES_AGGRESSIVE;
				CLANG_CXX_LANGUAGE_STANDARD = "gnu++17";
				CLANG_ENABLE_MODULES = YES;
				CLANG_ENABLE_OBJC_ARC = YES;
				CLANG_ENABLE_OBJC_WEAK = YES;
				CLANG_WARN_BLOCK_CAPTURE_AUTORELEASING = YES;
				CLANG_WARN_BOOL_CONVERSION = YES;
				CLANG_WARN_COMMA = YES;
				CLANG_WARN_CONSTANT_CONVERSION = YES;
				CLANG_WARN_DEPRECATED_OBJC_IMPLEMENTATIONS = YES;
				CLANG_WARN_DIRECT_OBJC_ISA_USAGE = YES_ERROR;
				CLANG_WARN_DOCUMENTATION_COMMENTS = YES;
				CLANG_WARN_EMPTY_BODY = YES;
				CLANG_WARN_ENUM_CONVERSION = YES;
				CLANG_WARN_INFINITE_RECURSION = YES;
				CLANG_WARN_INT_CONVERSION = YES;
				CLANG_WARN_NON_LITERAL_NULL_CONVERSION = YES;
				CLANG_WARN_OBJC_IMPLICIT_RETAIN_SELF = YES;
				CLANG_WARN_OBJC_LITERAL_CONVERSION = YES;
				CLANG_WARN_OBJC_ROOT_CLASS = YES_ERROR;
				CLANG_WARN_QUOTED_INCLUDE_IN_FRAMEWORK_HEADER = YES;
				CLANG_WARN_RANGE_LOOP_ANALYSIS = YES;
				CLANG_WARN_STRICT_PROTOTYPES = YES;
				CLANG_WARN_SUSPICIOUS_MOVE = YES;
				CLANG_WARN_UNGUARDED_AVAILABILITY = YES_AGGRESSIVE;
				CLANG_WARN_UNREACHABLE_CODE = YES;
				CLANG_WARN__DUPLICATE_METHOD_MATCH = YES;
				COPY_PHASE_STRIP = NO;
				DEBUG_INFORMATION_FORMAT = "dwarf-with-dsym";
				ENABLE_NS_ASSERTIONS = NO;
				ENABLE_STRICT_OBJC_MSGSEND = YES;
				GCC_C_LANGUAGE_STANDARD = gnu11;
				GCC_NO_COMMON_BLOCKS = YES;
				GCC_WARN_64_TO_32_BIT_CONVERSION = YES;
				GCC_WARN_ABOUT_RETURN_TYPE = YES_ERROR;
				GCC_WARN_UNDECLARED_SELECTOR = YES;
				GCC_WARN_UNINITIALIZED_AUTOS = YES_AGGRESSIVE;
				GCC_WARN_UNUSED_FUNCTION = YES;
				GCC_WARN_UNUSED_VARIABLE = YES;
				IPHONEOS_DEPLOYMENT_TARGET = 15.5;
				MTL_ENABLE_DEBUG_INFO = NO;
				MTL_FAST_MATH = YES;
				SDKROOT = iphoneos;
				SWIFT_COMPILATION_MODE = wholemodule;
				SWIFT_OPTIMIZATION_LEVEL = "-O";
				VALIDATE_PRODUCT = YES;
			};
			name = Release;
		};
		8B4D7EF4287F212400F0DC55 /* Debug */ = {
			isa = XCBuildConfiguration;
			buildSettings = {
				ASSETCATALOG_COMPILER_APPICON_NAME = AppIcon;
				ASSETCATALOG_COMPILER_GLOBAL_ACCENT_COLOR_NAME = AccentColor;
				CODE_SIGN_STYLE = Automatic;
				CURRENT_PROJECT_VERSION = 1;
				GENERATE_INFOPLIST_FILE = YES;
				INFOPLIST_FILE = VKSirius/Info.plist;
				INFOPLIST_KEY_UIApplicationSupportsIndirectInputEvents = YES;
				INFOPLIST_KEY_UILaunchStoryboardName = LaunchScreen;
				INFOPLIST_KEY_UISupportedInterfaceOrientations = UIInterfaceOrientationPortrait;
				INFOPLIST_KEY_UISupportedInterfaceOrientations_iPad = "UIInterfaceOrientationPortrait UIInterfaceOrientationPortraitUpsideDown UIInterfaceOrientationLandscapeLeft UIInterfaceOrientationLandscapeRight";
				INFOPLIST_KEY_UISupportedInterfaceOrientations_iPhone = "UIInterfaceOrientationPortrait UIInterfaceOrientationLandscapeLeft UIInterfaceOrientationLandscapeRight";
				LD_RUNPATH_SEARCH_PATHS = (
					"$(inherited)",
					"@executable_path/Frameworks",
				);
				MARKETING_VERSION = 1.0;
				PRODUCT_BUNDLE_IDENTIFIER = tsuStepan.VKSirius;
				PRODUCT_NAME = "$(TARGET_NAME)";
				SWIFT_EMIT_LOC_STRINGS = YES;
				SWIFT_VERSION = 5.0;
				TARGETED_DEVICE_FAMILY = 1;
			};
			name = Debug;
		};
		8B4D7EF5287F212400F0DC55 /* Release */ = {
			isa = XCBuildConfiguration;
			buildSettings = {
				ASSETCATALOG_COMPILER_APPICON_NAME = AppIcon;
				ASSETCATALOG_COMPILER_GLOBAL_ACCENT_COLOR_NAME = AccentColor;
				CODE_SIGN_STYLE = Automatic;
				CURRENT_PROJECT_VERSION = 1;
				GENERATE_INFOPLIST_FILE = YES;
				INFOPLIST_FILE = VKSirius/Info.plist;
				INFOPLIST_KEY_UIApplicationSupportsIndirectInputEvents = YES;
				INFOPLIST_KEY_UILaunchStoryboardName = LaunchScreen;
				INFOPLIST_KEY_UISupportedInterfaceOrientations = UIInterfaceOrientationPortrait;
				INFOPLIST_KEY_UISupportedInterfaceOrientations_iPad = "UIInterfaceOrientationPortrait UIInterfaceOrientationPortraitUpsideDown UIInterfaceOrientationLandscapeLeft UIInterfaceOrientationLandscapeRight";
				INFOPLIST_KEY_UISupportedInterfaceOrientations_iPhone = "UIInterfaceOrientationPortrait UIInterfaceOrientationLandscapeLeft UIInterfaceOrientationLandscapeRight";
				LD_RUNPATH_SEARCH_PATHS = (
					"$(inherited)",
					"@executable_path/Frameworks",
				);
				MARKETING_VERSION = 1.0;
				PRODUCT_BUNDLE_IDENTIFIER = tsuStepan.VKSirius;
				PRODUCT_NAME = "$(TARGET_NAME)";
				SWIFT_EMIT_LOC_STRINGS = YES;
				SWIFT_VERSION = 5.0;
				TARGETED_DEVICE_FAMILY = 1;
			};
			name = Release;
		};
/* End XCBuildConfiguration section */

/* Begin XCConfigurationList section */
		8B4D7EDA287F212200F0DC55 /* Build configuration list for PBXProject "VKSirius" */ = {
			isa = XCConfigurationList;
			buildConfigurations = (
				8B4D7EF1287F212400F0DC55 /* Debug */,
				8B4D7EF2287F212400F0DC55 /* Release */,
			);
			defaultConfigurationIsVisible = 0;
			defaultConfigurationName = Release;
		};
		8B4D7EF3287F212400F0DC55 /* Build configuration list for PBXNativeTarget "VKSirius" */ = {
			isa = XCConfigurationList;
			buildConfigurations = (
				8B4D7EF4287F212400F0DC55 /* Debug */,
				8B4D7EF5287F212400F0DC55 /* Release */,
			);
			defaultConfigurationIsVisible = 0;
			defaultConfigurationName = Release;
		};
/* End XCConfigurationList section */

/* Begin XCRemoteSwiftPackageReference section */
		8B4D7EF6287F229B00F0DC55 /* XCRemoteSwiftPackageReference "SnapKit" */ = {
			isa = XCRemoteSwiftPackageReference;
			repositoryURL = "https://github.com/SnapKit/SnapKit";
			requirement = {
				kind = upToNextMajorVersion;
				minimumVersion = 5.0.0;
			};
		};
		8B4D7EF9287F22CA00F0DC55 /* XCRemoteSwiftPackageReference "Kingfisher" */ = {
			isa = XCRemoteSwiftPackageReference;
			repositoryURL = "https://github.com/onevcat/Kingfisher";
			requirement = {
				kind = upToNextMajorVersion;
				minimumVersion = 7.0.0;
			};
		};
		8B4D7EFC287F22E500F0DC55 /* XCRemoteSwiftPackageReference "Alamofire" */ = {
			isa = XCRemoteSwiftPackageReference;
			repositoryURL = "https://github.com/Alamofire/Alamofire";
			requirement = {
				kind = upToNextMajorVersion;
				minimumVersion = 5.0.0;
			};
		};
/* End XCRemoteSwiftPackageReference section */

/* Begin XCSwiftPackageProductDependency section */
		8B4D7EF7287F229B00F0DC55 /* SnapKit */ = {
			isa = XCSwiftPackageProductDependency;
			package = 8B4D7EF6287F229B00F0DC55 /* XCRemoteSwiftPackageReference "SnapKit" */;
			productName = SnapKit;
		};
		8B4D7EFA287F22CA00F0DC55 /* Kingfisher */ = {
			isa = XCSwiftPackageProductDependency;
			package = 8B4D7EF9287F22CA00F0DC55 /* XCRemoteSwiftPackageReference "Kingfisher" */;
			productName = Kingfisher;
		};
		8B4D7EFD287F22E500F0DC55 /* Alamofire */ = {
			isa = XCSwiftPackageProductDependency;
			package = 8B4D7EFC287F22E500F0DC55 /* XCRemoteSwiftPackageReference "Alamofire" */;
			productName = Alamofire;
		};
/* End XCSwiftPackageProductDependency section */
	};
	rootObject = 8B4D7ED7287F212200F0DC55 /* Project object */;
}
